
Microsoft Visual Studio Solution File, Format Version 12.00
# Visual Studio 2013
VisualStudioVersion = 12.0.31101.0
MinimumVisualStudioVersion = 10.0.40219.1
Project("{FAE04EC0-301F-11D3-BF4B-00C04F79EFBC}") = "Treinamento", "Treinamento\Treinamento.csproj", "{A8231683-F274-47AC-8BD2-1A613E869E7B}"
EndProject
Project("{FAE04EC0-301F-11D3-BF4B-00C04F79EFBC}") = "Treinamento.Testes", "Treinamento.Testes\Treinamento.Testes.csproj", "{911FB472-0058-44B1-A78B-B6AADD2EE5D8}"
EndProject
Project("{FAE04EC0-301F-11D3-BF4B-00C04F79EFBC}") = "Treinamento.Core", "Treinamento.Core\Treinamento.Core.csproj", "{C9A1C996-A191-4BD0-A35D-810585575BCC}"
EndProject
Global
	GlobalSection(SolutionConfigurationPlatforms) = preSolution
		Debug|Any CPU = Debug|Any CPU
		Release|Any CPU = Release|Any CPU
	EndGlobalSection
	GlobalSection(ProjectConfigurationPlatforms) = postSolution
		{A8231683-F274-47AC-8BD2-1A613E869E7B}.Debug|Any CPU.ActiveCfg = Debug|Any CPU
		{A8231683-F274-47AC-8BD2-1A613E869E7B}.Debug|Any CPU.Build.0 = Debug|Any CPU
		{A8231683-F274-47AC-8BD2-1A613E869E7B}.Release|Any CPU.ActiveCfg = Release|Any CPU
		{A8231683-F274-47AC-8BD2-1A613E869E7B}.Release|Any CPU.Build.0 = Release|Any CPU
		{911FB472-0058-44B1-A78B-B6AADD2EE5D8}.Debug|Any CPU.ActiveCfg = Debug|Any CPU
		{911FB472-0058-44B1-A78B-B6AADD2EE5D8}.Debug|Any CPU.Build.0 = Debug|Any CPU
		{911FB472-0058-44B1-A78B-B6AADD2EE5D8}.Release|Any CPU.ActiveCfg = Release|Any CPU
		{911FB472-0058-44B1-A78B-B6AADD2EE5D8}.Release|Any CPU.Build.0 = Release|Any CPU
		{C9A1C996-A191-4BD0-A35D-810585575BCC}.Debug|Any CPU.ActiveCfg = Debug|Any CPU
		{C9A1C996-A191-4BD0-A35D-810585575BCC}.Debug|Any CPU.Build.0 = Debug|Any CPU
		{C9A1C996-A191-4BD0-A35D-810585575BCC}.Release|Any CPU.ActiveCfg = Release|Any CPU
		{C9A1C996-A191-4BD0-A35D-810585575BCC}.Release|Any CPU.Build.0 = Release|Any CPU
	EndGlobalSection
	GlobalSection(SolutionProperties) = preSolution
		HideSolutionNode = FALSE
	EndGlobalSection
EndGlobal
